
Microsoft Visual Studio Solution File, Format Version 12.00
# Visual Studio Version 16
VisualStudioVersion = 16.0.29709.97
MinimumVisualStudioVersion = 10.0.40219.1
Project("{9A19103F-16F7-4668-BE54-9A1E7A4F7556}") = "EmployeeManagement.Models", "EmployeeManagement.Models\EmployeeManagement.Models.csproj", "{6C4A036F-847B-49CC-BD04-8A24E27BA4B2}"
EndProject
Project("{9A19103F-16F7-4668-BE54-9A1E7A4F7556}") = "EmployeeManagement.Web", "EmployeeManagement.Web\EmployeeManagement.Web.csproj", "{20F398BC-0B44-4E0A-892E-CE4B8016B127}"
EndProject
Project("{9A19103F-16F7-4668-BE54-9A1E7A4F7556}") = "EmployeeManagement.Api", "EmployeeManagement.Api\EmployeeManagement.Api.csproj", "{53200C4E-5748-4BE2-B8A6-299679E08950}"
EndProject
Project("{9A19103F-16F7-4668-BE54-9A1E7A4F7556}") = "TutoBlazorCustom.Components", "TutoBlazorCustom.Components\TutoBlazorCustom.Components.csproj", "{C766B053-9516-4C74-94F0-650B08510B45}"
EndProject
Project("{9A19103F-16F7-4668-BE54-9A1E7A4F7556}") = "BusinessManagement.Api", "ClientManagement.Api\BusinessManagement.Api.csproj", "{496296E0-D140-435D-B3ED-0BDD32C5D3DD}"
EndProject
Project("{9A19103F-16F7-4668-BE54-9A1E7A4F7556}") = "BusinessManagement.Models", "CustomerManagement.Models\BusinessManagement.Models.csproj", "{AA11C70A-4F73-4F3B-9B8B-1F9E9BB85F62}"
EndProject
Global
	GlobalSection(SolutionConfigurationPlatforms) = preSolution
		Debug|Any CPU = Debug|Any CPU
		Release|Any CPU = Release|Any CPU
	EndGlobalSection
	GlobalSection(ProjectConfigurationPlatforms) = postSolution
		{6C4A036F-847B-49CC-BD04-8A24E27BA4B2}.Debug|Any CPU.ActiveCfg = Debug|Any CPU
		{6C4A036F-847B-49CC-BD04-8A24E27BA4B2}.Debug|Any CPU.Build.0 = Debug|Any CPU
		{6C4A036F-847B-49CC-BD04-8A24E27BA4B2}.Release|Any CPU.ActiveCfg = Release|Any CPU
		{6C4A036F-847B-49CC-BD04-8A24E27BA4B2}.Release|Any CPU.Build.0 = Release|Any CPU
		{20F398BC-0B44-4E0A-892E-CE4B8016B127}.Debug|Any CPU.ActiveCfg = Debug|Any CPU
		{20F398BC-0B44-4E0A-892E-CE4B8016B127}.Debug|Any CPU.Build.0 = Debug|Any CPU
		{20F398BC-0B44-4E0A-892E-CE4B8016B127}.Release|Any CPU.ActiveCfg = Release|Any CPU
		{20F398BC-0B44-4E0A-892E-CE4B8016B127}.Release|Any CPU.Build.0 = Release|Any CPU
		{53200C4E-5748-4BE2-B8A6-299679E08950}.Debug|Any CPU.ActiveCfg = Debug|Any CPU
		{53200C4E-5748-4BE2-B8A6-299679E08950}.Debug|Any CPU.Build.0 = Debug|Any CPU
		{53200C4E-5748-4BE2-B8A6-299679E08950}.Release|Any CPU.ActiveCfg = Release|Any CPU
		{53200C4E-5748-4BE2-B8A6-299679E08950}.Release|Any CPU.Build.0 = Release|Any CPU
		{C766B053-9516-4C74-94F0-650B08510B45}.Debug|Any CPU.ActiveCfg = Debug|Any CPU
		{C766B053-9516-4C74-94F0-650B08510B45}.Debug|Any CPU.Build.0 = Debug|Any CPU
		{C766B053-9516-4C74-94F0-650B08510B45}.Release|Any CPU.ActiveCfg = Release|Any CPU
		{C766B053-9516-4C74-94F0-650B08510B45}.Release|Any CPU.Build.0 = Release|Any CPU
		{496296E0-D140-435D-B3ED-0BDD32C5D3DD}.Debug|Any CPU.ActiveCfg = Debug|Any CPU
		{496296E0-D140-435D-B3ED-0BDD32C5D3DD}.Debug|Any CPU.Build.0 = Debug|Any CPU
		{496296E0-D140-435D-B3ED-0BDD32C5D3DD}.Release|Any CPU.ActiveCfg = Release|Any CPU
		{496296E0-D140-435D-B3ED-0BDD32C5D3DD}.Release|Any CPU.Build.0 = Release|Any CPU
		{AA11C70A-4F73-4F3B-9B8B-1F9E9BB85F62}.Debug|Any CPU.ActiveCfg = Debug|Any CPU
		{AA11C70A-4F73-4F3B-9B8B-1F9E9BB85F62}.Debug|Any CPU.Build.0 = Debug|Any CPU
		{AA11C70A-4F73-4F3B-9B8B-1F9E9BB85F62}.Release|Any CPU.ActiveCfg = Release|Any CPU
		{AA11C70A-4F73-4F3B-9B8B-1F9E9BB85F62}.Release|Any CPU.Build.0 = Release|Any CPU
	EndGlobalSection
	GlobalSection(SolutionProperties) = preSolution
		HideSolutionNode = FALSE
	EndGlobalSection
	GlobalSection(ExtensibilityGlobals) = postSolution
		SolutionGuid = {F1E8D8EC-4E64-4C3B-9657-AEB986B7E6A2}
	EndGlobalSection
EndGlobal
